
Microsoft Visual Studio Solution File, Format Version 12.00
# Visual Studio Version 16
VisualStudioVersion = 16.0.31205.134
MinimumVisualStudioVersion = 10.0.40219.1
Project("{FAE04EC0-301F-11D3-BF4B-00C04F79EFBC}") = "OOP_Projekt6_App", "OOP_Projekt6_App.csproj", "{7B42AAF7-1B50-41E7-A3F3-90C0540C2255}"
EndProject
Global
	GlobalSection(SolutionConfigurationPlatforms) = preSolution
		Debug|Any CPU = Debug|Any CPU
		Release|Any CPU = Release|Any CPU
	EndGlobalSection
	GlobalSection(ProjectConfigurationPlatforms) = postSolution
		{7B42AAF7-1B50-41E7-A3F3-90C0540C2255}.Debug|Any CPU.ActiveCfg = Debug|Any CPU
		{7B42AAF7-1B50-41E7-A3F3-90C0540C2255}.Debug|Any CPU.Build.0 = Debug|Any CPU
		{7B42AAF7-1B50-41E7-A3F3-90C0540C2255}.Release|Any CPU.ActiveCfg = Release|Any CPU
		{7B42AAF7-1B50-41E7-A3F3-90C0540C2255}.Release|Any CPU.Build.0 = Release|Any CPU
	EndGlobalSection
	GlobalSection(SolutionProperties) = preSolution
		HideSolutionNode = FALSE
	EndGlobalSection
	GlobalSection(ExtensibilityGlobals) = postSolution
		SolutionGuid = {01BF81ED-2C2C-406C-94B8-AD3C86CBFFE6}
	EndGlobalSection
EndGlobal
